# ZFIN archive day from which the ZP ids in id_map_zfin.tsv were minted.
# Written by src/scripts/zfin_snapshot.py refresh; do not edit by hand.
date: 2024.04.16
files:
  phenotype_fish.txt:
    url: https://zfin.org/downloads/archive/2024.04.16/phenotype_fish.txt
    md5: 8fa354bf578406d1a525533a11cf4e28
  phenoGeneCleanData_fish.txt:
    url: https://zfin.org/downloads/archive/2024.04.16/phenoGeneCleanData_fish.txt
    md5: d50c2fa1b7285b63afcd82e6e038e48e
